// !$*UTF8*$!
{
	archiveVersion = 1;
	classes = {
	};
	objectVersion = 56;
	objects = {

/* Begin PBXBuildFile section */
		0F0038AD29BCCA4C00CB0A86 /* ToDDoListMapper.swift in Sources */ = {isa = PBXBuildFile; fileRef = 0F0038AC29BCCA4C00CB0A86 /* ToDDoListMapper.swift */; };
		0F3312A729A34B180032EA92 /* CoreDataFeedStoreTests.swift in Sources */ = {isa = PBXBuildFile; fileRef = 0F3312A629A34B180032EA92 /* CoreDataFeedStoreTests.swift */; };
		0F3312A929A3512E0032EA92 /* CoreDataFeedStore.swift in Sources */ = {isa = PBXBuildFile; fileRef = 0F3312A829A3512E0032EA92 /* CoreDataFeedStore.swift */; };
		0F3312AB29A359610032EA92 /* ToDDoItem.swift in Sources */ = {isa = PBXBuildFile; fileRef = 0F3312AA29A359610032EA92 /* ToDDoItem.swift */; };
		0F8ECE4B29CC4D3D001A539D /* FeedCellView.swift in Sources */ = {isa = PBXBuildFile; fileRef = 0F8ECE4A29CC4D3D001A539D /* FeedCellView.swift */; };
		0F8ECE5129CD8FE0001A539D /* SelectableMenuStoreTest.swift in Sources */ = {isa = PBXBuildFile; fileRef = 0F8ECE5029CD8FE0001A539D /* SelectableMenuStoreTest.swift */; };
		0F8ECE5329CDA715001A539D /* SelectableMenuStore.swift in Sources */ = {isa = PBXBuildFile; fileRef = 0F8ECE5229CDA715001A539D /* SelectableMenuStore.swift */; };
		0F8ECE5529CDA8EB001A539D /* HorizontalMenu.swift in Sources */ = {isa = PBXBuildFile; fileRef = 0F8ECE5429CDA8EB001A539D /* HorizontalMenu.swift */; };
		0F8ECE5829D13FB8001A539D /* HorizontalSelectionCell.swift in Sources */ = {isa = PBXBuildFile; fileRef = 0F8ECE5729D13FB8001A539D /* HorizontalSelectionCell.swift */; };
		0F8ECE5A29D13FF8001A539D /* MultipleSelectionStoreTests.swift in Sources */ = {isa = PBXBuildFile; fileRef = 0F8ECE5929D13FF8001A539D /* MultipleSelectionStoreTests.swift */; };
		0FB9CB0C29962ED900AAA276 /* ToDDoCore.docc in Sources */ = {isa = PBXBuildFile; fileRef = 0FB9CB0B29962ED900AAA276 /* ToDDoCore.docc */; };
		0FB9CB1229962ED900AAA276 /* ToDDoCore.framework in Frameworks */ = {isa = PBXBuildFile; fileRef = 0FB9CB0729962ED900AAA276 /* ToDDoCore.framework */; };
		0FB9CB1829962ED900AAA276 /* ToDDoCore.h in Headers */ = {isa = PBXBuildFile; fileRef = 0FB9CB0A29962ED900AAA276 /* ToDDoCore.h */; settings = {ATTRIBUTES = (Public, ); }; };
		0FB9CB252996409100AAA276 /* LoadFeedFromDatabaseUseCasesTests.swift in Sources */ = {isa = PBXBuildFile; fileRef = 0FB9CB242996409100AAA276 /* LoadFeedFromDatabaseUseCasesTests.swift */; };
		0FB9CB272998E42C00AAA276 /* XCTestCase+MemoryLeakTracking.swift in Sources */ = {isa = PBXBuildFile; fileRef = 0FB9CB262998E42C00AAA276 /* XCTestCase+MemoryLeakTracking.swift */; };
		0FB9CB292999015000AAA276 /* FeedListGroups.swift in Sources */ = {isa = PBXBuildFile; fileRef = 0FB9CB282999015000AAA276 /* FeedListGroups.swift */; };
		0FB9CB35299A31C000AAA276 /* FeedStore.swift in Sources */ = {isa = PBXBuildFile; fileRef = 0FB9CB34299A31C000AAA276 /* FeedStore.swift */; };
		0FB9CB37299A327800AAA276 /* LocalFeedLoader.swift in Sources */ = {isa = PBXBuildFile; fileRef = 0FB9CB36299A327800AAA276 /* LocalFeedLoader.swift */; };
		0FB9CB39299A3CEA00AAA276 /* SaveFeedToDatabaseUseCases.swift in Sources */ = {isa = PBXBuildFile; fileRef = 0FB9CB38299A3CEA00AAA276 /* SaveFeedToDatabaseUseCases.swift */; };
		0FB9CB3D299A3E9A00AAA276 /* FeedStoreSpy.swift in Sources */ = {isa = PBXBuildFile; fileRef = 0FB9CB3C299A3E9A00AAA276 /* FeedStoreSpy.swift */; };
		0FB9CB3F299B1CEC00AAA276 /* SharedTestHelpers.swift in Sources */ = {isa = PBXBuildFile; fileRef = 0FB9CB3E299B1CEC00AAA276 /* SharedTestHelpers.swift */; };
		0FB9CB42299C814F00AAA276 /* LocalFeedListGroup.swift in Sources */ = {isa = PBXBuildFile; fileRef = 0FB9CB41299C814F00AAA276 /* LocalFeedListGroup.swift */; };
		0FB9CB44299C8A2500AAA276 /* FeedLoader.swift in Sources */ = {isa = PBXBuildFile; fileRef = 0FB9CB43299C8A2500AAA276 /* FeedLoader.swift */; };
		0FB9CB46299E008100AAA276 /* DeleteFeedFromDatabaseUseCases.swift in Sources */ = {isa = PBXBuildFile; fileRef = 0FB9CB45299E008100AAA276 /* DeleteFeedFromDatabaseUseCases.swift */; };
		0FB9CB4A299E24AF00AAA276 /* UpdateFeedInDatabaseUseCases.swift in Sources */ = {isa = PBXBuildFile; fileRef = 0FB9CB49299E24AF00AAA276 /* UpdateFeedInDatabaseUseCases.swift */; };
		0FB9CB4C299F155200AAA276 /* FeedCreater.swift in Sources */ = {isa = PBXBuildFile; fileRef = 0FB9CB4B299F155200AAA276 /* FeedCreater.swift */; };
		0FB9CB4E299F158100AAA276 /* FeedDeleter.swift in Sources */ = {isa = PBXBuildFile; fileRef = 0FB9CB4D299F158100AAA276 /* FeedDeleter.swift */; };
		0FB9CB50299F15A400AAA276 /* FeedUpdater.swift in Sources */ = {isa = PBXBuildFile; fileRef = 0FB9CB4F299F15A400AAA276 /* FeedUpdater.swift */; };
		0FB9CB5A29A343F500AAA276 /* ToDDoStore.xcdatamodeld in Sources */ = {isa = PBXBuildFile; fileRef = 0FB9CB5829A343F500AAA276 /* ToDDoStore.xcdatamodeld */; };
		0FB9CB5C29A345EA00AAA276 /* ToDDolist.swift in Sources */ = {isa = PBXBuildFile; fileRef = 0FB9CB5B29A345EA00AAA276 /* ToDDolist.swift */; };
		0FCF4B8829CC03EC00654EEF /* ToDDoiOSPresentation.docc in Sources */ = {isa = PBXBuildFile; fileRef = 0FCF4B8729CC03EC00654EEF /* ToDDoiOSPresentation.docc */; };
		0FCF4B8E29CC03EC00654EEF /* ToDDoiOSPresentation.framework in Frameworks */ = {isa = PBXBuildFile; fileRef = 0FCF4B8429CC03EC00654EEF /* ToDDoiOSPresentation.framework */; };
		0FCF4B9B29CC32E300654EEF /* XCTestCase+MemoryLeakTracking.swift in Sources */ = {isa = PBXBuildFile; fileRef = 0FB9CB262998E42C00AAA276 /* XCTestCase+MemoryLeakTracking.swift */; };
		0FCF4B9F29CC391900654EEF /* ToDDoCore.framework in Frameworks */ = {isa = PBXBuildFile; fileRef = 0FB9CB0729962ED900AAA276 /* ToDDoCore.framework */; };
		0FCF4BA029CC391900654EEF /* ToDDoCore.framework in Embed Frameworks */ = {isa = PBXBuildFile; fileRef = 0FB9CB0729962ED900AAA276 /* ToDDoCore.framework */; settings = {ATTRIBUTES = (CodeSignOnCopy, RemoveHeadersOnCopy, ); }; };
		0FCF4BA529CC4CCA00654EEF /* FeedTitleView.swift in Sources */ = {isa = PBXBuildFile; fileRef = 0FCF4B9C29CC38F900654EEF /* FeedTitleView.swift */; };
/* End PBXBuildFile section */

/* Begin PBXContainerItemProxy section */
		0FB9CB1329962ED900AAA276 /* PBXContainerItemProxy */ = {
			isa = PBXContainerItemProxy;
			containerPortal = 0FB9CAFE29962ED900AAA276 /* Project object */;
			proxyType = 1;
			remoteGlobalIDString = 0FB9CB0629962ED900AAA276;
			remoteInfo = ToDDoCore;
		};
		0FCF4B8F29CC03EC00654EEF /* PBXContainerItemProxy */ = {
			isa = PBXContainerItemProxy;
			containerPortal = 0FB9CAFE29962ED900AAA276 /* Project object */;
			proxyType = 1;
			remoteGlobalIDString = 0FCF4B8329CC03EC00654EEF;
			remoteInfo = ToDDoiOSPresentation;
		};
		0FCF4BA129CC391900654EEF /* PBXContainerItemProxy */ = {
			isa = PBXContainerItemProxy;
			containerPortal = 0FB9CAFE29962ED900AAA276 /* Project object */;
			proxyType = 1;
			remoteGlobalIDString = 0FB9CB0629962ED900AAA276;
			remoteInfo = ToDDoCore;
		};
/* End PBXContainerItemProxy section */

/* Begin PBXCopyFilesBuildPhase section */
		0FCF4BA329CC391900654EEF /* Embed Frameworks */ = {
			isa = PBXCopyFilesBuildPhase;
			buildActionMask = 2147483647;
			dstPath = "";
			dstSubfolderSpec = 10;
			files = (
				0FCF4BA029CC391900654EEF /* ToDDoCore.framework in Embed Frameworks */,
			);
			name = "Embed Frameworks";
			runOnlyForDeploymentPostprocessing = 0;
		};
/* End PBXCopyFilesBuildPhase section */

/* Begin PBXFileReference section */
		0F0038AC29BCCA4C00CB0A86 /* ToDDoListMapper.swift */ = {isa = PBXFileReference; lastKnownFileType = sourcecode.swift; path = ToDDoListMapper.swift; sourceTree = "<group>"; };
		0F3312A629A34B180032EA92 /* CoreDataFeedStoreTests.swift */ = {isa = PBXFileReference; lastKnownFileType = sourcecode.swift; path = CoreDataFeedStoreTests.swift; sourceTree = "<group>"; };
		0F3312A829A3512E0032EA92 /* CoreDataFeedStore.swift */ = {isa = PBXFileReference; lastKnownFileType = sourcecode.swift; path = CoreDataFeedStore.swift; sourceTree = "<group>"; };
		0F3312AA29A359610032EA92 /* ToDDoItem.swift */ = {isa = PBXFileReference; lastKnownFileType = sourcecode.swift; path = ToDDoItem.swift; sourceTree = "<group>"; };
		0F8ECE4A29CC4D3D001A539D /* FeedCellView.swift */ = {isa = PBXFileReference; lastKnownFileType = sourcecode.swift; path = FeedCellView.swift; sourceTree = "<group>"; };
		0F8ECE5029CD8FE0001A539D /* SelectableMenuStoreTest.swift */ = {isa = PBXFileReference; lastKnownFileType = sourcecode.swift; path = SelectableMenuStoreTest.swift; sourceTree = "<group>"; };
		0F8ECE5229CDA715001A539D /* SelectableMenuStore.swift */ = {isa = PBXFileReference; lastKnownFileType = sourcecode.swift; path = SelectableMenuStore.swift; sourceTree = "<group>"; };
		0F8ECE5429CDA8EB001A539D /* HorizontalMenu.swift */ = {isa = PBXFileReference; lastKnownFileType = sourcecode.swift; path = HorizontalMenu.swift; sourceTree = "<group>"; };
		0F8ECE5729D13FB8001A539D /* HorizontalSelectionCell.swift */ = {isa = PBXFileReference; lastKnownFileType = sourcecode.swift; path = HorizontalSelectionCell.swift; sourceTree = "<group>"; };
		0F8ECE5929D13FF8001A539D /* MultipleSelectionStoreTests.swift */ = {isa = PBXFileReference; lastKnownFileType = sourcecode.swift; path = MultipleSelectionStoreTests.swift; sourceTree = "<group>"; };
		0FB9CB0729962ED900AAA276 /* ToDDoCore.framework */ = {isa = PBXFileReference; explicitFileType = wrapper.framework; includeInIndex = 0; path = ToDDoCore.framework; sourceTree = BUILT_PRODUCTS_DIR; };
		0FB9CB0A29962ED900AAA276 /* ToDDoCore.h */ = {isa = PBXFileReference; lastKnownFileType = sourcecode.c.h; path = ToDDoCore.h; sourceTree = "<group>"; };
		0FB9CB0B29962ED900AAA276 /* ToDDoCore.docc */ = {isa = PBXFileReference; lastKnownFileType = folder.documentationcatalog; path = ToDDoCore.docc; sourceTree = "<group>"; };
		0FB9CB1129962ED900AAA276 /* ToDDoCoreTests.xctest */ = {isa = PBXFileReference; explicitFileType = wrapper.cfbundle; includeInIndex = 0; path = ToDDoCoreTests.xctest; sourceTree = BUILT_PRODUCTS_DIR; };
		0FB9CB242996409100AAA276 /* LoadFeedFromDatabaseUseCasesTests.swift */ = {isa = PBXFileReference; lastKnownFileType = sourcecode.swift; path = LoadFeedFromDatabaseUseCasesTests.swift; sourceTree = "<group>"; };
		0FB9CB262998E42C00AAA276 /* XCTestCase+MemoryLeakTracking.swift */ = {isa = PBXFileReference; lastKnownFileType = sourcecode.swift; path = "XCTestCase+MemoryLeakTracking.swift"; sourceTree = "<group>"; };
		0FB9CB282999015000AAA276 /* FeedListGroups.swift */ = {isa = PBXFileReference; lastKnownFileType = sourcecode.swift; path = FeedListGroups.swift; sourceTree = "<group>"; };
		0FB9CB34299A31C000AAA276 /* FeedStore.swift */ = {isa = PBXFileReference; lastKnownFileType = sourcecode.swift; path = FeedStore.swift; sourceTree = "<group>"; };
		0FB9CB36299A327800AAA276 /* LocalFeedLoader.swift */ = {isa = PBXFileReference; lastKnownFileType = sourcecode.swift; path = LocalFeedLoader.swift; sourceTree = "<group>"; };
		0FB9CB38299A3CEA00AAA276 /* SaveFeedToDatabaseUseCases.swift */ = {isa = PBXFileReference; lastKnownFileType = sourcecode.swift; path = SaveFeedToDatabaseUseCases.swift; sourceTree = "<group>"; };
		0FB9CB3C299A3E9A00AAA276 /* FeedStoreSpy.swift */ = {isa = PBXFileReference; lastKnownFileType = sourcecode.swift; path = FeedStoreSpy.swift; sourceTree = "<group>"; };
		0FB9CB3E299B1CEC00AAA276 /* SharedTestHelpers.swift */ = {isa = PBXFileReference; lastKnownFileType = sourcecode.swift; path = SharedTestHelpers.swift; sourceTree = "<group>"; };
		0FB9CB41299C814F00AAA276 /* LocalFeedListGroup.swift */ = {isa = PBXFileReference; lastKnownFileType = sourcecode.swift; path = LocalFeedListGroup.swift; sourceTree = "<group>"; };
		0FB9CB43299C8A2500AAA276 /* FeedLoader.swift */ = {isa = PBXFileReference; lastKnownFileType = sourcecode.swift; path = FeedLoader.swift; sourceTree = "<group>"; };
		0FB9CB45299E008100AAA276 /* DeleteFeedFromDatabaseUseCases.swift */ = {isa = PBXFileReference; lastKnownFileType = sourcecode.swift; path = DeleteFeedFromDatabaseUseCases.swift; sourceTree = "<group>"; };
		0FB9CB49299E24AF00AAA276 /* UpdateFeedInDatabaseUseCases.swift */ = {isa = PBXFileReference; lastKnownFileType = sourcecode.swift; path = UpdateFeedInDatabaseUseCases.swift; sourceTree = "<group>"; };
		0FB9CB4B299F155200AAA276 /* FeedCreater.swift */ = {isa = PBXFileReference; lastKnownFileType = sourcecode.swift; path = FeedCreater.swift; sourceTree = "<group>"; };
		0FB9CB4D299F158100AAA276 /* FeedDeleter.swift */ = {isa = PBXFileReference; lastKnownFileType = sourcecode.swift; path = FeedDeleter.swift; sourceTree = "<group>"; };
		0FB9CB4F299F15A400AAA276 /* FeedUpdater.swift */ = {isa = PBXFileReference; lastKnownFileType = sourcecode.swift; path = FeedUpdater.swift; sourceTree = "<group>"; };
		0FB9CB5929A343F500AAA276 /* ToDDoStore.xcdatamodel */ = {isa = PBXFileReference; lastKnownFileType = wrapper.xcdatamodel; path = ToDDoStore.xcdatamodel; sourceTree = "<group>"; };
		0FB9CB5B29A345EA00AAA276 /* ToDDolist.swift */ = {isa = PBXFileReference; lastKnownFileType = sourcecode.swift; path = ToDDolist.swift; sourceTree = "<group>"; };
		0FCF4B8429CC03EC00654EEF /* ToDDoiOSPresentation.framework */ = {isa = PBXFileReference; explicitFileType = wrapper.framework; includeInIndex = 0; path = ToDDoiOSPresentation.framework; sourceTree = BUILT_PRODUCTS_DIR; };
		0FCF4B8729CC03EC00654EEF /* ToDDoiOSPresentation.docc */ = {isa = PBXFileReference; lastKnownFileType = folder.documentationcatalog; path = ToDDoiOSPresentation.docc; sourceTree = "<group>"; };
		0FCF4B8D29CC03EC00654EEF /* ToDDoiOSPresentationTests.xctest */ = {isa = PBXFileReference; explicitFileType = wrapper.cfbundle; includeInIndex = 0; path = ToDDoiOSPresentationTests.xctest; sourceTree = BUILT_PRODUCTS_DIR; };
		0FCF4B9C29CC38F900654EEF /* FeedTitleView.swift */ = {isa = PBXFileReference; lastKnownFileType = sourcecode.swift; path = FeedTitleView.swift; sourceTree = "<group>"; };
/* End PBXFileReference section */

/* Begin PBXFrameworksBuildPhase section */
		0FB9CB0429962ED900AAA276 /* Frameworks */ = {
			isa = PBXFrameworksBuildPhase;
			buildActionMask = 2147483647;
			files = (
			);
			runOnlyForDeploymentPostprocessing = 0;
		};
		0FB9CB0E29962ED900AAA276 /* Frameworks */ = {
			isa = PBXFrameworksBuildPhase;
			buildActionMask = 2147483647;
			files = (
				0FB9CB1229962ED900AAA276 /* ToDDoCore.framework in Frameworks */,
			);
			runOnlyForDeploymentPostprocessing = 0;
		};
		0FCF4B8129CC03EC00654EEF /* Frameworks */ = {
			isa = PBXFrameworksBuildPhase;
			buildActionMask = 2147483647;
			files = (
				0FCF4B9F29CC391900654EEF /* ToDDoCore.framework in Frameworks */,
			);
			runOnlyForDeploymentPostprocessing = 0;
		};
		0FCF4B8A29CC03EC00654EEF /* Frameworks */ = {
			isa = PBXFrameworksBuildPhase;
			buildActionMask = 2147483647;
			files = (
				0FCF4B8E29CC03EC00654EEF /* ToDDoiOSPresentation.framework in Frameworks */,
			);
			runOnlyForDeploymentPostprocessing = 0;
		};
/* End PBXFrameworksBuildPhase section */

/* Begin PBXGroup section */
		0F3312AC29A35AB40032EA92 /* Helpers */ = {
			isa = PBXGroup;
			children = (
				0F0038AC29BCCA4C00CB0A86 /* ToDDoListMapper.swift */,
			);
			path = Helpers;
			sourceTree = "<group>";
		};
		0FB9CAFD29962ED900AAA276 = {
			isa = PBXGroup;
			children = (
				0FB9CB0929962ED900AAA276 /* ToDDoCore */,
				0FB9CB1529962ED900AAA276 /* ToDDoCoreTests */,
				0FCF4B8529CC03EC00654EEF /* ToDDoiOSPresentation */,
				0FCF4B9129CC03EC00654EEF /* ToDDoiOSPresentationTests */,
				0FB9CB0829962ED900AAA276 /* Products */,
				0FCF4B9E29CC391900654EEF /* Frameworks */,
			);
			sourceTree = "<group>";
		};
		0FB9CB0829962ED900AAA276 /* Products */ = {
			isa = PBXGroup;
			children = (
				0FB9CB0729962ED900AAA276 /* ToDDoCore.framework */,
				0FB9CB1129962ED900AAA276 /* ToDDoCoreTests.xctest */,
				0FCF4B8429CC03EC00654EEF /* ToDDoiOSPresentation.framework */,
				0FCF4B8D29CC03EC00654EEF /* ToDDoiOSPresentationTests.xctest */,
			);
			name = Products;
			sourceTree = "<group>";
		};
		0FB9CB0929962ED900AAA276 /* ToDDoCore */ = {
			isa = PBXGroup;
			children = (
				0FB9CB40299C811600AAA276 /* Feed Local */,
				0FB9CB31299A0CFE00AAA276 /* Features */,
				0FB9CB0A29962ED900AAA276 /* ToDDoCore.h */,
				0FB9CB0B29962ED900AAA276 /* ToDDoCore.docc */,
			);
			path = ToDDoCore;
			sourceTree = "<group>";
		};
		0FB9CB1529962ED900AAA276 /* ToDDoCoreTests */ = {
			isa = PBXGroup;
			children = (
				0FB9CB30299909A400AAA276 /* Helpers */,
				0FB9CB3A299A3E7000AAA276 /* Feed Local */,
			);
			path = ToDDoCoreTests;
			sourceTree = "<group>";
		};
		0FB9CB30299909A400AAA276 /* Helpers */ = {
			isa = PBXGroup;
			children = (
				0FB9CB262998E42C00AAA276 /* XCTestCase+MemoryLeakTracking.swift */,
			);
			path = Helpers;
			sourceTree = "<group>";
		};
		0FB9CB31299A0CFE00AAA276 /* Features */ = {
			isa = PBXGroup;
			children = (
				0FB9CB282999015000AAA276 /* FeedListGroups.swift */,
				0FB9CB43299C8A2500AAA276 /* FeedLoader.swift */,
				0FB9CB4B299F155200AAA276 /* FeedCreater.swift */,
				0FB9CB4D299F158100AAA276 /* FeedDeleter.swift */,
				0FB9CB4F299F15A400AAA276 /* FeedUpdater.swift */,
			);
			path = Features;
			sourceTree = "<group>";
		};
		0FB9CB3A299A3E7000AAA276 /* Feed Local */ = {
			isa = PBXGroup;
			children = (
				0FB9CB3B299A3E8400AAA276 /* Helpers */,
				0FB9CB242996409100AAA276 /* LoadFeedFromDatabaseUseCasesTests.swift */,
				0FB9CB38299A3CEA00AAA276 /* SaveFeedToDatabaseUseCases.swift */,
				0FB9CB45299E008100AAA276 /* DeleteFeedFromDatabaseUseCases.swift */,
				0FB9CB49299E24AF00AAA276 /* UpdateFeedInDatabaseUseCases.swift */,
				0F3312A629A34B180032EA92 /* CoreDataFeedStoreTests.swift */,
			);
			path = "Feed Local";
			sourceTree = "<group>";
		};
		0FB9CB3B299A3E8400AAA276 /* Helpers */ = {
			isa = PBXGroup;
			children = (
				0FB9CB3C299A3E9A00AAA276 /* FeedStoreSpy.swift */,
				0FB9CB3E299B1CEC00AAA276 /* SharedTestHelpers.swift */,
			);
			path = Helpers;
			sourceTree = "<group>";
		};
		0FB9CB40299C811600AAA276 /* Feed Local */ = {
			isa = PBXGroup;
			children = (
				0FB9CB5729A343C000AAA276 /* Infrastructure */,
				0FB9CB41299C814F00AAA276 /* LocalFeedListGroup.swift */,
				0FB9CB34299A31C000AAA276 /* FeedStore.swift */,
				0FB9CB36299A327800AAA276 /* LocalFeedLoader.swift */,
			);
			path = "Feed Local";
			sourceTree = "<group>";
		};
		0FB9CB5729A343C000AAA276 /* Infrastructure */ = {
			isa = PBXGroup;
			children = (
				0F3312AC29A35AB40032EA92 /* Helpers */,
				0FB9CB5829A343F500AAA276 /* ToDDoStore.xcdatamodeld */,
				0F3312AA29A359610032EA92 /* ToDDoItem.swift */,
				0FB9CB5B29A345EA00AAA276 /* ToDDolist.swift */,
				0F3312A829A3512E0032EA92 /* CoreDataFeedStore.swift */,
			);
			path = Infrastructure;
			sourceTree = "<group>";
		};
		0FCF4B8529CC03EC00654EEF /* ToDDoiOSPresentation */ = {
			isa = PBXGroup;
			children = (
				0FCF4B8729CC03EC00654EEF /* ToDDoiOSPresentation.docc */,
				0F8ECE5229CDA715001A539D /* SelectableMenuStore.swift */,
				0FCF4BA429CC4BE300654EEF /* Views */,
			);
			path = ToDDoiOSPresentation;
			sourceTree = "<group>";
		};
		0FCF4B9129CC03EC00654EEF /* ToDDoiOSPresentationTests */ = {
			isa = PBXGroup;
			children = (
				0F8ECE5029CD8FE0001A539D /* SelectableMenuStoreTest.swift */,
				0F8ECE5929D13FF8001A539D /* MultipleSelectionStoreTests.swift */,
			);
			path = ToDDoiOSPresentationTests;
			sourceTree = "<group>";
		};
		0FCF4B9E29CC391900654EEF /* Frameworks */ = {
			isa = PBXGroup;
			children = (
			);
			name = Frameworks;
			sourceTree = "<group>";
		};
		0FCF4BA429CC4BE300654EEF /* Views */ = {
			isa = PBXGroup;
			children = (
				0FCF4B9C29CC38F900654EEF /* FeedTitleView.swift */,
				0F8ECE4A29CC4D3D001A539D /* FeedCellView.swift */,
				0F8ECE5429CDA8EB001A539D /* HorizontalMenu.swift */,
				0F8ECE5729D13FB8001A539D /* HorizontalSelectionCell.swift */,
			);
			path = Views;
			sourceTree = "<group>";
		};
/* End PBXGroup section */

/* Begin PBXHeadersBuildPhase section */
		0FB9CB0229962ED900AAA276 /* Headers */ = {
			isa = PBXHeadersBuildPhase;
			buildActionMask = 2147483647;
			files = (
				0FB9CB1829962ED900AAA276 /* ToDDoCore.h in Headers */,
			);
			runOnlyForDeploymentPostprocessing = 0;
		};
		0FCF4B7F29CC03EC00654EEF /* Headers */ = {
			isa = PBXHeadersBuildPhase;
			buildActionMask = 2147483647;
			files = (
			);
			runOnlyForDeploymentPostprocessing = 0;
		};
/* End PBXHeadersBuildPhase section */

/* Begin PBXNativeTarget section */
		0FB9CB0629962ED900AAA276 /* ToDDoCore */ = {
			isa = PBXNativeTarget;
			buildConfigurationList = 0FB9CB1B29962ED900AAA276 /* Build configuration list for PBXNativeTarget "ToDDoCore" */;
			buildPhases = (
				0FB9CB0229962ED900AAA276 /* Headers */,
				0FB9CB0329962ED900AAA276 /* Sources */,
				0FB9CB0429962ED900AAA276 /* Frameworks */,
				0FB9CB0529962ED900AAA276 /* Resources */,
			);
			buildRules = (
			);
			dependencies = (
			);
			name = ToDDoCore;
			productName = ToDDoCore;
			productReference = 0FB9CB0729962ED900AAA276 /* ToDDoCore.framework */;
			productType = "com.apple.product-type.framework";
		};
		0FB9CB1029962ED900AAA276 /* ToDDoCoreTests */ = {
			isa = PBXNativeTarget;
			buildConfigurationList = 0FB9CB1E29962ED900AAA276 /* Build configuration list for PBXNativeTarget "ToDDoCoreTests" */;
			buildPhases = (
				0FB9CB0D29962ED900AAA276 /* Sources */,
				0FB9CB0E29962ED900AAA276 /* Frameworks */,
				0FB9CB0F29962ED900AAA276 /* Resources */,
			);
			buildRules = (
			);
			dependencies = (
				0FB9CB1429962ED900AAA276 /* PBXTargetDependency */,
			);
			name = ToDDoCoreTests;
			productName = ToDDoCoreTests;
			productReference = 0FB9CB1129962ED900AAA276 /* ToDDoCoreTests.xctest */;
			productType = "com.apple.product-type.bundle.unit-test";
		};
		0FCF4B8329CC03EC00654EEF /* ToDDoiOSPresentation */ = {
			isa = PBXNativeTarget;
			buildConfigurationList = 0FCF4B9529CC03EC00654EEF /* Build configuration list for PBXNativeTarget "ToDDoiOSPresentation" */;
			buildPhases = (
				0FCF4B7F29CC03EC00654EEF /* Headers */,
				0FCF4B8029CC03EC00654EEF /* Sources */,
				0FCF4B8129CC03EC00654EEF /* Frameworks */,
				0FCF4B8229CC03EC00654EEF /* Resources */,
				0FCF4BA329CC391900654EEF /* Embed Frameworks */,
			);
			buildRules = (
			);
			dependencies = (
				0FCF4BA229CC391900654EEF /* PBXTargetDependency */,
			);
			name = ToDDoiOSPresentation;
			productName = ToDDoiOSPresentation;
			productReference = 0FCF4B8429CC03EC00654EEF /* ToDDoiOSPresentation.framework */;
			productType = "com.apple.product-type.framework";
		};
		0FCF4B8C29CC03EC00654EEF /* ToDDoiOSPresentationTests */ = {
			isa = PBXNativeTarget;
			buildConfigurationList = 0FCF4B9829CC03EC00654EEF /* Build configuration list for PBXNativeTarget "ToDDoiOSPresentationTests" */;
			buildPhases = (
				0FCF4B8929CC03EC00654EEF /* Sources */,
				0FCF4B8A29CC03EC00654EEF /* Frameworks */,
				0FCF4B8B29CC03EC00654EEF /* Resources */,
			);
			buildRules = (
			);
			dependencies = (
				0FCF4B9029CC03EC00654EEF /* PBXTargetDependency */,
			);
			name = ToDDoiOSPresentationTests;
			productName = ToDDoiOSPresentationTests;
			productReference = 0FCF4B8D29CC03EC00654EEF /* ToDDoiOSPresentationTests.xctest */;
			productType = "com.apple.product-type.bundle.unit-test";
		};
/* End PBXNativeTarget section */

/* Begin PBXProject section */
		0FB9CAFE29962ED900AAA276 /* Project object */ = {
			isa = PBXProject;
			attributes = {
				BuildIndependentTargetsInParallel = 1;
				LastSwiftUpdateCheck = 1410;
				LastUpgradeCheck = 1410;
				TargetAttributes = {
					0FB9CB0629962ED900AAA276 = {
						CreatedOnToolsVersion = 14.1;
					};
					0FB9CB1029962ED900AAA276 = {
						CreatedOnToolsVersion = 14.1;
						LastSwiftMigration = 1410;
					};
					0FCF4B8329CC03EC00654EEF = {
						CreatedOnToolsVersion = 14.1;
					};
					0FCF4B8C29CC03EC00654EEF = {
						CreatedOnToolsVersion = 14.1;
					};
				};
			};
			buildConfigurationList = 0FB9CB0129962ED900AAA276 /* Build configuration list for PBXProject "ToDDoCore" */;
			compatibilityVersion = "Xcode 14.0";
			developmentRegion = en;
			hasScannedForEncodings = 0;
			knownRegions = (
				en,
				Base,
			);
			mainGroup = 0FB9CAFD29962ED900AAA276;
			productRefGroup = 0FB9CB0829962ED900AAA276 /* Products */;
			projectDirPath = "";
			projectRoot = "";
			targets = (
				0FB9CB0629962ED900AAA276 /* ToDDoCore */,
				0FB9CB1029962ED900AAA276 /* ToDDoCoreTests */,
				0FCF4B8329CC03EC00654EEF /* ToDDoiOSPresentation */,
				0FCF4B8C29CC03EC00654EEF /* ToDDoiOSPresentationTests */,
			);
		};
/* End PBXProject section */

/* Begin PBXResourcesBuildPhase section */
		0FB9CB0529962ED900AAA276 /* Resources */ = {
			isa = PBXResourcesBuildPhase;
			buildActionMask = 2147483647;
			files = (
			);
			runOnlyForDeploymentPostprocessing = 0;
		};
		0FB9CB0F29962ED900AAA276 /* Resources */ = {
			isa = PBXResourcesBuildPhase;
			buildActionMask = 2147483647;
			files = (
			);
			runOnlyForDeploymentPostprocessing = 0;
		};
		0FCF4B8229CC03EC00654EEF /* Resources */ = {
			isa = PBXResourcesBuildPhase;
			buildActionMask = 2147483647;
			files = (
			);
			runOnlyForDeploymentPostprocessing = 0;
		};
		0FCF4B8B29CC03EC00654EEF /* Resources */ = {
			isa = PBXResourcesBuildPhase;
			buildActionMask = 2147483647;
			files = (
			);
			runOnlyForDeploymentPostprocessing = 0;
		};
/* End PBXResourcesBuildPhase section */

/* Begin PBXSourcesBuildPhase section */
		0FB9CB0329962ED900AAA276 /* Sources */ = {
			isa = PBXSourcesBuildPhase;
			buildActionMask = 2147483647;
			files = (
				0FB9CB44299C8A2500AAA276 /* FeedLoader.swift in Sources */,
				0FB9CB0C29962ED900AAA276 /* ToDDoCore.docc in Sources */,
				0FB9CB5A29A343F500AAA276 /* ToDDoStore.xcdatamodeld in Sources */,
				0F3312AB29A359610032EA92 /* ToDDoItem.swift in Sources */,
				0FB9CB4E299F158100AAA276 /* FeedDeleter.swift in Sources */,
				0FB9CB292999015000AAA276 /* FeedListGroups.swift in Sources */,
				0FB9CB50299F15A400AAA276 /* FeedUpdater.swift in Sources */,
				0F0038AD29BCCA4C00CB0A86 /* ToDDoListMapper.swift in Sources */,
				0FB9CB4C299F155200AAA276 /* FeedCreater.swift in Sources */,
				0FB9CB5C29A345EA00AAA276 /* ToDDolist.swift in Sources */,
				0FB9CB37299A327800AAA276 /* LocalFeedLoader.swift in Sources */,
				0FB9CB35299A31C000AAA276 /* FeedStore.swift in Sources */,
				0FB9CB42299C814F00AAA276 /* LocalFeedListGroup.swift in Sources */,
				0F3312A929A3512E0032EA92 /* CoreDataFeedStore.swift in Sources */,
			);
			runOnlyForDeploymentPostprocessing = 0;
		};
		0FB9CB0D29962ED900AAA276 /* Sources */ = {
			isa = PBXSourcesBuildPhase;
			buildActionMask = 2147483647;
			files = (
				0FB9CB4A299E24AF00AAA276 /* UpdateFeedInDatabaseUseCases.swift in Sources */,
				0FB9CB252996409100AAA276 /* LoadFeedFromDatabaseUseCasesTests.swift in Sources */,
				0FB9CB46299E008100AAA276 /* DeleteFeedFromDatabaseUseCases.swift in Sources */,
				0FB9CB272998E42C00AAA276 /* XCTestCase+MemoryLeakTracking.swift in Sources */,
				0FB9CB3F299B1CEC00AAA276 /* SharedTestHelpers.swift in Sources */,
				0FB9CB3D299A3E9A00AAA276 /* FeedStoreSpy.swift in Sources */,
				0F3312A729A34B180032EA92 /* CoreDataFeedStoreTests.swift in Sources */,
				0FB9CB39299A3CEA00AAA276 /* SaveFeedToDatabaseUseCases.swift in Sources */,
			);
			runOnlyForDeploymentPostprocessing = 0;
		};
		0FCF4B8029CC03EC00654EEF /* Sources */ = {
			isa = PBXSourcesBuildPhase;
			buildActionMask = 2147483647;
			files = (
				0FCF4B8829CC03EC00654EEF /* ToDDoiOSPresentation.docc in Sources */,
				0F8ECE4B29CC4D3D001A539D /* FeedCellView.swift in Sources */,
				0F8ECE5829D13FB8001A539D /* HorizontalSelectionCell.swift in Sources */,
				0F8ECE5329CDA715001A539D /* SelectableMenuStore.swift in Sources */,
				0FCF4BA529CC4CCA00654EEF /* FeedTitleView.swift in Sources */,
				0F8ECE5529CDA8EB001A539D /* HorizontalMenu.swift in Sources */,
			);
			runOnlyForDeploymentPostprocessing = 0;
		};
		0FCF4B8929CC03EC00654EEF /* Sources */ = {
			isa = PBXSourcesBuildPhase;
			buildActionMask = 2147483647;
			files = (
				0F8ECE5129CD8FE0001A539D /* SelectableMenuStoreTest.swift in Sources */,
				0FCF4B9B29CC32E300654EEF /* XCTestCase+MemoryLeakTracking.swift in Sources */,
				0F8ECE5A29D13FF8001A539D /* MultipleSelectionStoreTests.swift in Sources */,
			);
			runOnlyForDeploymentPostprocessing = 0;
		};
/* End PBXSourcesBuildPhase section */

/* Begin PBXTargetDependency section */
		0FB9CB1429962ED900AAA276 /* PBXTargetDependency */ = {
			isa = PBXTargetDependency;
			target = 0FB9CB0629962ED900AAA276 /* ToDDoCore */;
			targetProxy = 0FB9CB1329962ED900AAA276 /* PBXContainerItemProxy */;
		};
		0FCF4B9029CC03EC00654EEF /* PBXTargetDependency */ = {
			isa = PBXTargetDependency;
			target = 0FCF4B8329CC03EC00654EEF /* ToDDoiOSPresentation */;
			targetProxy = 0FCF4B8F29CC03EC00654EEF /* PBXContainerItemProxy */;
		};
		0FCF4BA229CC391900654EEF /* PBXTargetDependency */ = {
			isa = PBXTargetDependency;
			target = 0FB9CB0629962ED900AAA276 /* ToDDoCore */;
			targetProxy = 0FCF4BA129CC391900654EEF /* PBXContainerItemProxy */;
		};
/* End PBXTargetDependency section */

/* Begin XCBuildConfiguration section */
		0FB9CB1929962ED900AAA276 /* Debug */ = {
			isa = XCBuildConfiguration;
			buildSettings = {
				ALWAYS_SEARCH_USER_PATHS = NO;
				CLANG_ANALYZER_NONNULL = YES;
				CLANG_ANALYZER_NUMBER_OBJECT_CONVERSION = YES_AGGRESSIVE;
				CLANG_CXX_LANGUAGE_STANDARD = "gnu++20";
				CLANG_ENABLE_MODULES = YES;
				CLANG_ENABLE_OBJC_ARC = YES;
				CLANG_ENABLE_OBJC_WEAK = YES;
				CLANG_WARN_BLOCK_CAPTURE_AUTORELEASING = YES;
				CLANG_WARN_BOOL_CONVERSION = YES;
				CLANG_WARN_COMMA = YES;
				CLANG_WARN_CONSTANT_CONVERSION = YES;
				CLANG_WARN_DEPRECATED_OBJC_IMPLEMENTATIONS = YES;
				CLANG_WARN_DIRECT_OBJC_ISA_USAGE = YES_ERROR;
				CLANG_WARN_DOCUMENTATION_COMMENTS = YES;
				CLANG_WARN_EMPTY_BODY = YES;
				CLANG_WARN_ENUM_CONVERSION = YES;
				CLANG_WARN_INFINITE_RECURSION = YES;
				CLANG_WARN_INT_CONVERSION = YES;
				CLANG_WARN_NON_LITERAL_NULL_CONVERSION = YES;
				CLANG_WARN_OBJC_IMPLICIT_RETAIN_SELF = YES;
				CLANG_WARN_OBJC_LITERAL_CONVERSION = YES;
				CLANG_WARN_OBJC_ROOT_CLASS = YES_ERROR;
				CLANG_WARN_QUOTED_INCLUDE_IN_FRAMEWORK_HEADER = YES;
				CLANG_WARN_RANGE_LOOP_ANALYSIS = YES;
				CLANG_WARN_STRICT_PROTOTYPES = YES;
				CLANG_WARN_SUSPICIOUS_MOVE = YES;
				CLANG_WARN_UNGUARDED_AVAILABILITY = YES_AGGRESSIVE;
				CLANG_WARN_UNREACHABLE_CODE = YES;
				CLANG_WARN__DUPLICATE_METHOD_MATCH = YES;
				COPY_PHASE_STRIP = NO;
				CURRENT_PROJECT_VERSION = 1;
				DEBUG_INFORMATION_FORMAT = dwarf;
				ENABLE_STRICT_OBJC_MSGSEND = YES;
				ENABLE_TESTABILITY = YES;
				GCC_C_LANGUAGE_STANDARD = gnu11;
				GCC_DYNAMIC_NO_PIC = NO;
				GCC_NO_COMMON_BLOCKS = YES;
				GCC_OPTIMIZATION_LEVEL = 0;
				GCC_PREPROCESSOR_DEFINITIONS = (
					"DEBUG=1",
					"$(inherited)",
				);
				GCC_WARN_64_TO_32_BIT_CONVERSION = YES;
				GCC_WARN_ABOUT_RETURN_TYPE = YES_ERROR;
				GCC_WARN_UNDECLARED_SELECTOR = YES;
				GCC_WARN_UNINITIALIZED_AUTOS = YES_AGGRESSIVE;
				GCC_WARN_UNUSED_FUNCTION = YES;
				GCC_WARN_UNUSED_VARIABLE = YES;
				IPHONEOS_DEPLOYMENT_TARGET = 16.1;
				MACOSX_DEPLOYMENT_TARGET = 12.0;
				MTL_ENABLE_DEBUG_INFO = INCLUDE_SOURCE;
				MTL_FAST_MATH = YES;
				ONLY_ACTIVE_ARCH = YES;
				SDKROOT = iphoneos;
				SWIFT_ACTIVE_COMPILATION_CONDITIONS = DEBUG;
				SWIFT_OPTIMIZATION_LEVEL = "-Onone";
				VERSIONING_SYSTEM = "apple-generic";
				VERSION_INFO_PREFIX = "";
			};
			name = Debug;
		};
		0FB9CB1A29962ED900AAA276 /* Release */ = {
			isa = XCBuildConfiguration;
			buildSettings = {
				ALWAYS_SEARCH_USER_PATHS = NO;
				CLANG_ANALYZER_NONNULL = YES;
				CLANG_ANALYZER_NUMBER_OBJECT_CONVERSION = YES_AGGRESSIVE;
				CLANG_CXX_LANGUAGE_STANDARD = "gnu++20";
				CLANG_ENABLE_MODULES = YES;
				CLANG_ENABLE_OBJC_ARC = YES;
				CLANG_ENABLE_OBJC_WEAK = YES;
				CLANG_WARN_BLOCK_CAPTURE_AUTORELEASING = YES;
				CLANG_WARN_BOOL_CONVERSION = YES;
				CLANG_WARN_COMMA = YES;
				CLANG_WARN_CONSTANT_CONVERSION = YES;
				CLANG_WARN_DEPRECATED_OBJC_IMPLEMENTATIONS = YES;
				CLANG_WARN_DIRECT_OBJC_ISA_USAGE = YES_ERROR;
				CLANG_WARN_DOCUMENTATION_COMMENTS = YES;
				CLANG_WARN_EMPTY_BODY = YES;
				CLANG_WARN_ENUM_CONVERSION = YES;
				CLANG_WARN_INFINITE_RECURSION = YES;
				CLANG_WARN_INT_CONVERSION = YES;
				CLANG_WARN_NON_LITERAL_NULL_CONVERSION = YES;
				CLANG_WARN_OBJC_IMPLICIT_RETAIN_SELF = YES;
				CLANG_WARN_OBJC_LITERAL_CONVERSION = YES;
				CLANG_WARN_OBJC_ROOT_CLASS = YES_ERROR;
				CLANG_WARN_QUOTED_INCLUDE_IN_FRAMEWORK_HEADER = YES;
				CLANG_WARN_RANGE_LOOP_ANALYSIS = YES;
				CLANG_WARN_STRICT_PROTOTYPES = YES;
				CLANG_WARN_SUSPICIOUS_MOVE = YES;
				CLANG_WARN_UNGUARDED_AVAILABILITY = YES_AGGRESSIVE;
				CLANG_WARN_UNREACHABLE_CODE = YES;
				CLANG_WARN__DUPLICATE_METHOD_MATCH = YES;
				COPY_PHASE_STRIP = NO;
				CURRENT_PROJECT_VERSION = 1;
				DEBUG_INFORMATION_FORMAT = "dwarf-with-dsym";
				ENABLE_NS_ASSERTIONS = NO;
				ENABLE_STRICT_OBJC_MSGSEND = YES;
				GCC_C_LANGUAGE_STANDARD = gnu11;
				GCC_NO_COMMON_BLOCKS = YES;
				GCC_WARN_64_TO_32_BIT_CONVERSION = YES;
				GCC_WARN_ABOUT_RETURN_TYPE = YES_ERROR;
				GCC_WARN_UNDECLARED_SELECTOR = YES;
				GCC_WARN_UNINITIALIZED_AUTOS = YES_AGGRESSIVE;
				GCC_WARN_UNUSED_FUNCTION = YES;
				GCC_WARN_UNUSED_VARIABLE = YES;
				IPHONEOS_DEPLOYMENT_TARGET = 16.1;
				MACOSX_DEPLOYMENT_TARGET = 12.0;
				MTL_ENABLE_DEBUG_INFO = NO;
				MTL_FAST_MATH = YES;
				SDKROOT = iphoneos;
				SWIFT_COMPILATION_MODE = wholemodule;
				SWIFT_OPTIMIZATION_LEVEL = "-O";
				VALIDATE_PRODUCT = YES;
				VERSIONING_SYSTEM = "apple-generic";
				VERSION_INFO_PREFIX = "";
			};
			name = Release;
		};
		0FB9CB1C29962ED900AAA276 /* Debug */ = {
			isa = XCBuildConfiguration;
			buildSettings = {
				CODE_SIGN_STYLE = Automatic;
				CURRENT_PROJECT_VERSION = 1;
				DEFINES_MODULE = YES;
				DEVELOPMENT_TEAM = R5599LYD4Y;
				DYLIB_COMPATIBILITY_VERSION = 1;
				DYLIB_CURRENT_VERSION = 1;
				DYLIB_INSTALL_NAME_BASE = "@rpath";
				GENERATE_INFOPLIST_FILE = YES;
				INFOPLIST_KEY_NSHumanReadableCopyright = "";
				INSTALL_PATH = "$(LOCAL_LIBRARY_DIR)/Frameworks";
				LD_RUNPATH_SEARCH_PATHS = (
					"$(inherited)",
					"@executable_path/Frameworks",
					"@loader_path/Frameworks",
				);
				MARKETING_VERSION = 1.0;
				PRODUCT_BUNDLE_IDENTIFIER = com.minyanghuang.ToDDoCore;
				PRODUCT_NAME = "$(TARGET_NAME:c99extidentifier)";
				SDKROOT = macosx;
				SKIP_INSTALL = YES;
				SUPPORTED_PLATFORMS = "iphoneos iphonesimulator macosx";
				SUPPORTS_MACCATALYST = YES;
				SUPPORTS_MAC_DESIGNED_FOR_IPHONE_IPAD = YES;
				SWIFT_EMIT_LOC_STRINGS = YES;
				SWIFT_VERSION = 5.0;
				TARGETED_DEVICE_FAMILY = "1,2";
			};
			name = Debug;
		};
		0FB9CB1D29962ED900AAA276 /* Release */ = {
			isa = XCBuildConfiguration;
			buildSettings = {
				CODE_SIGN_STYLE = Automatic;
				CURRENT_PROJECT_VERSION = 1;
				DEFINES_MODULE = YES;
				DEVELOPMENT_TEAM = R5599LYD4Y;
				DYLIB_COMPATIBILITY_VERSION = 1;
				DYLIB_CURRENT_VERSION = 1;
				DYLIB_INSTALL_NAME_BASE = "@rpath";
				GENERATE_INFOPLIST_FILE = YES;
				INFOPLIST_KEY_NSHumanReadableCopyright = "";
				INSTALL_PATH = "$(LOCAL_LIBRARY_DIR)/Frameworks";
				LD_RUNPATH_SEARCH_PATHS = (
					"$(inherited)",
					"@executable_path/Frameworks",
					"@loader_path/Frameworks",
				);
				MARKETING_VERSION = 1.0;
				PRODUCT_BUNDLE_IDENTIFIER = com.minyanghuang.ToDDoCore;
				PRODUCT_NAME = "$(TARGET_NAME:c99extidentifier)";
				SDKROOT = macosx;
				SKIP_INSTALL = YES;
				SUPPORTED_PLATFORMS = "iphoneos iphonesimulator macosx";
				SUPPORTS_MACCATALYST = YES;
				SUPPORTS_MAC_DESIGNED_FOR_IPHONE_IPAD = YES;
				SWIFT_EMIT_LOC_STRINGS = YES;
				SWIFT_VERSION = 5.0;
				TARGETED_DEVICE_FAMILY = "1,2";
			};
			name = Release;
		};
		0FB9CB1F29962ED900AAA276 /* Debug */ = {
			isa = XCBuildConfiguration;
			buildSettings = {
				ALWAYS_EMBED_SWIFT_STANDARD_LIBRARIES = YES;
				CLANG_ENABLE_MODULES = YES;
				CODE_SIGN_STYLE = Automatic;
				CURRENT_PROJECT_VERSION = 1;
				DEVELOPMENT_TEAM = R5599LYD4Y;
				GENERATE_INFOPLIST_FILE = YES;
				LD_RUNPATH_SEARCH_PATHS = (
					"$(inherited)",
					"@executable_path/Frameworks",
					"@loader_path/Frameworks",
				);
				MARKETING_VERSION = 1.0;
				PRODUCT_BUNDLE_IDENTIFIER = com.minyanghuang.ToDDoCoreTests;
				PRODUCT_NAME = "$(TARGET_NAME)";
				SDKROOT = macosx;
				SUPPORTED_PLATFORMS = "iphoneos iphonesimulator macosx";
				SUPPORTS_MACCATALYST = YES;
				SUPPORTS_MAC_DESIGNED_FOR_IPHONE_IPAD = YES;
				SWIFT_EMIT_LOC_STRINGS = NO;
				SWIFT_OPTIMIZATION_LEVEL = "-Onone";
				SWIFT_VERSION = 5.0;
				TARGETED_DEVICE_FAMILY = "1,2";
			};
			name = Debug;
		};
		0FB9CB2029962ED900AAA276 /* Release */ = {
			isa = XCBuildConfiguration;
			buildSettings = {
				ALWAYS_EMBED_SWIFT_STANDARD_LIBRARIES = YES;
				CLANG_ENABLE_MODULES = YES;
				CODE_SIGN_STYLE = Automatic;
				CURRENT_PROJECT_VERSION = 1;
				DEVELOPMENT_TEAM = R5599LYD4Y;
				GENERATE_INFOPLIST_FILE = YES;
				LD_RUNPATH_SEARCH_PATHS = (
					"$(inherited)",
					"@executable_path/Frameworks",
					"@loader_path/Frameworks",
				);
				MARKETING_VERSION = 1.0;
				PRODUCT_BUNDLE_IDENTIFIER = com.minyanghuang.ToDDoCoreTests;
				PRODUCT_NAME = "$(TARGET_NAME)";
				SDKROOT = macosx;
				SUPPORTED_PLATFORMS = "iphoneos iphonesimulator macosx";
				SUPPORTS_MACCATALYST = YES;
				SUPPORTS_MAC_DESIGNED_FOR_IPHONE_IPAD = YES;
				SWIFT_EMIT_LOC_STRINGS = NO;
				SWIFT_VERSION = 5.0;
				TARGETED_DEVICE_FAMILY = "1,2";
			};
			name = Release;
		};
		0FCF4B9629CC03EC00654EEF /* Debug */ = {
			isa = XCBuildConfiguration;
			buildSettings = {
				CODE_SIGN_STYLE = Automatic;
				CURRENT_PROJECT_VERSION = 1;
				DEFINES_MODULE = YES;
				DEVELOPMENT_TEAM = R5599LYD4Y;
				DYLIB_COMPATIBILITY_VERSION = 1;
				DYLIB_CURRENT_VERSION = 1;
				DYLIB_INSTALL_NAME_BASE = "@rpath";
				GENERATE_INFOPLIST_FILE = YES;
				INFOPLIST_KEY_NSHumanReadableCopyright = "";
				INSTALL_PATH = "$(LOCAL_LIBRARY_DIR)/Frameworks";
				LD_RUNPATH_SEARCH_PATHS = (
					"$(inherited)",
					"@executable_path/Frameworks",
					"@loader_path/Frameworks",
				);
				MARKETING_VERSION = 1.0;
				PRODUCT_BUNDLE_IDENTIFIER = com.minyanghuang.ToDDoiOSPresentation;
				PRODUCT_NAME = "$(TARGET_NAME:c99extidentifier)";
				SKIP_INSTALL = YES;
				SWIFT_EMIT_LOC_STRINGS = YES;
				SWIFT_VERSION = 5.0;
				TARGETED_DEVICE_FAMILY = "1,2";
			};
			name = Debug;
		};
		0FCF4B9729CC03EC00654EEF /* Release */ = {
			isa = XCBuildConfiguration;
			buildSettings = {
				CODE_SIGN_STYLE = Automatic;
				CURRENT_PROJECT_VERSION = 1;
				DEFINES_MODULE = YES;
				DEVELOPMENT_TEAM = R5599LYD4Y;
				DYLIB_COMPATIBILITY_VERSION = 1;
				DYLIB_CURRENT_VERSION = 1;
				DYLIB_INSTALL_NAME_BASE = "@rpath";
				GENERATE_INFOPLIST_FILE = YES;
				INFOPLIST_KEY_NSHumanReadableCopyright = "";
				INSTALL_PATH = "$(LOCAL_LIBRARY_DIR)/Frameworks";
				LD_RUNPATH_SEARCH_PATHS = (
					"$(inherited)",
					"@executable_path/Frameworks",
					"@loader_path/Frameworks",
				);
				MARKETING_VERSION = 1.0;
				PRODUCT_BUNDLE_IDENTIFIER = com.minyanghuang.ToDDoiOSPresentation;
				PRODUCT_NAME = "$(TARGET_NAME:c99extidentifier)";
				SKIP_INSTALL = YES;
				SWIFT_EMIT_LOC_STRINGS = YES;
				SWIFT_VERSION = 5.0;
				TARGETED_DEVICE_FAMILY = "1,2";
			};
			name = Release;
		};
		0FCF4B9929CC03EC00654EEF /* Debug */ = {
			isa = XCBuildConfiguration;
			buildSettings = {
				ALWAYS_EMBED_SWIFT_STANDARD_LIBRARIES = YES;
				CODE_SIGN_STYLE = Automatic;
				CURRENT_PROJECT_VERSION = 1;
				DEVELOPMENT_TEAM = R5599LYD4Y;
				GENERATE_INFOPLIST_FILE = YES;
				MARKETING_VERSION = 1.0;
				PRODUCT_BUNDLE_IDENTIFIER = com.minyanghuang.ToDDoiOSPresentationTests;
				PRODUCT_NAME = "$(TARGET_NAME)";
				SUPPORTED_PLATFORMS = "iphoneos iphonesimulator";
				SUPPORTS_MACCATALYST = NO;
				SUPPORTS_MAC_DESIGNED_FOR_IPHONE_IPAD = YES;
				SWIFT_EMIT_LOC_STRINGS = NO;
				SWIFT_VERSION = 5.0;
				TARGETED_DEVICE_FAMILY = "1,2";
			};
			name = Debug;
		};
		0FCF4B9A29CC03EC00654EEF /* Release */ = {
			isa = XCBuildConfiguration;
			buildSettings = {
				ALWAYS_EMBED_SWIFT_STANDARD_LIBRARIES = YES;
				CODE_SIGN_STYLE = Automatic;
				CURRENT_PROJECT_VERSION = 1;
				DEVELOPMENT_TEAM = R5599LYD4Y;
				GENERATE_INFOPLIST_FILE = YES;
				MARKETING_VERSION = 1.0;
				PRODUCT_BUNDLE_IDENTIFIER = com.minyanghuang.ToDDoiOSPresentationTests;
				PRODUCT_NAME = "$(TARGET_NAME)";
				SUPPORTED_PLATFORMS = "iphoneos iphonesimulator";
				SUPPORTS_MACCATALYST = NO;
				SUPPORTS_MAC_DESIGNED_FOR_IPHONE_IPAD = YES;
				SWIFT_EMIT_LOC_STRINGS = NO;
				SWIFT_VERSION = 5.0;
				TARGETED_DEVICE_FAMILY = "1,2";
			};
			name = Release;
		};
/* End XCBuildConfiguration section */

/* Begin XCConfigurationList section */
		0FB9CB0129962ED900AAA276 /* Build configuration list for PBXProject "ToDDoCore" */ = {
			isa = XCConfigurationList;
			buildConfigurations = (
				0FB9CB1929962ED900AAA276 /* Debug */,
				0FB9CB1A29962ED900AAA276 /* Release */,
			);
			defaultConfigurationIsVisible = 0;
			defaultConfigurationName = Release;
		};
		0FB9CB1B29962ED900AAA276 /* Build configuration list for PBXNativeTarget "ToDDoCore" */ = {
			isa = XCConfigurationList;
			buildConfigurations = (
				0FB9CB1C29962ED900AAA276 /* Debug */,
				0FB9CB1D29962ED900AAA276 /* Release */,
			);
			defaultConfigurationIsVisible = 0;
			defaultConfigurationName = Release;
		};
		0FB9CB1E29962ED900AAA276 /* Build configuration list for PBXNativeTarget "ToDDoCoreTests" */ = {
			isa = XCConfigurationList;
			buildConfigurations = (
				0FB9CB1F29962ED900AAA276 /* Debug */,
				0FB9CB2029962ED900AAA276 /* Release */,
			);
			defaultConfigurationIsVisible = 0;
			defaultConfigurationName = Release;
		};
		0FCF4B9529CC03EC00654EEF /* Build configuration list for PBXNativeTarget "ToDDoiOSPresentation" */ = {
			isa = XCConfigurationList;
			buildConfigurations = (
				0FCF4B9629CC03EC00654EEF /* Debug */,
				0FCF4B9729CC03EC00654EEF /* Release */,
			);
			defaultConfigurationIsVisible = 0;
			defaultConfigurationName = Release;
		};
		0FCF4B9829CC03EC00654EEF /* Build configuration list for PBXNativeTarget "ToDDoiOSPresentationTests" */ = {
			isa = XCConfigurationList;
			buildConfigurations = (
				0FCF4B9929CC03EC00654EEF /* Debug */,
				0FCF4B9A29CC03EC00654EEF /* Release */,
			);
			defaultConfigurationIsVisible = 0;
			defaultConfigurationName = Release;
		};
/* End XCConfigurationList section */

/* Begin XCVersionGroup section */
		0FB9CB5829A343F500AAA276 /* ToDDoStore.xcdatamodeld */ = {
			isa = XCVersionGroup;
			children = (
				0FB9CB5929A343F500AAA276 /* ToDDoStore.xcdatamodel */,
			);
			currentVersion = 0FB9CB5929A343F500AAA276 /* ToDDoStore.xcdatamodel */;
			path = ToDDoStore.xcdatamodeld;
			sourceTree = "<group>";
			versionGroupType = wrapper.xcdatamodel;
		};
/* End XCVersionGroup section */
	};
	rootObject = 0FB9CAFE29962ED900AAA276 /* Project object */;
}
