// !$*UTF8*$!
{
	archiveVersion = 1;
	classes = {
	};
	objectVersion = 56;
	objects = {

/* Begin PBXBuildFile section */
		0FA3C97F29D680AC008671B5 /* ToDDoAppApp.swift in Sources */ = {isa = PBXBuildFile; fileRef = 0FA3C97E29D680AC008671B5 /* ToDDoAppApp.swift */; };
		0FA3C98329D680AD008671B5 /* Assets.xcassets in Resources */ = {isa = PBXBuildFile; fileRef = 0FA3C98229D680AD008671B5 /* Assets.xcassets */; };
		0FA3C98629D680AD008671B5 /* Preview Assets.xcassets in Resources */ = {isa = PBXBuildFile; fileRef = 0FA3C98529D680AD008671B5 /* Preview Assets.xcassets */; };
		0FA3C99029D680AD008671B5 /* ToDDoAppTests.swift in Sources */ = {isa = PBXBuildFile; fileRef = 0FA3C98F29D680AD008671B5 /* ToDDoAppTests.swift */; };
		0FA3C9AB29D68186008671B5 /* ToDDoCore.framework in Frameworks */ = {isa = PBXBuildFile; fileRef = 0FA3C9AA29D68186008671B5 /* ToDDoCore.framework */; };
		0FA3C9AC29D68186008671B5 /* ToDDoCore.framework in Embed Frameworks */ = {isa = PBXBuildFile; fileRef = 0FA3C9AA29D68186008671B5 /* ToDDoCore.framework */; settings = {ATTRIBUTES = (CodeSignOnCopy, RemoveHeadersOnCopy, ); }; };
		0FA3C9AF29D68189008671B5 /* ToDDoiOSPresentation.framework in Frameworks */ = {isa = PBXBuildFile; fileRef = 0FA3C9AE29D68189008671B5 /* ToDDoiOSPresentation.framework */; };
		0FA3C9B029D68189008671B5 /* ToDDoiOSPresentation.framework in Embed Frameworks */ = {isa = PBXBuildFile; fileRef = 0FA3C9AE29D68189008671B5 /* ToDDoiOSPresentation.framework */; settings = {ATTRIBUTES = (CodeSignOnCopy, RemoveHeadersOnCopy, ); }; };
/* End PBXBuildFile section */

/* Begin PBXContainerItemProxy section */
		0FA3C98C29D680AD008671B5 /* PBXContainerItemProxy */ = {
			isa = PBXContainerItemProxy;
			containerPortal = 0FA3C97329D680AC008671B5 /* Project object */;
			proxyType = 1;
			remoteGlobalIDString = 0FA3C97A29D680AC008671B5;
			remoteInfo = ToDDoApp;
		};
/* End PBXContainerItemProxy section */

/* Begin PBXCopyFilesBuildPhase section */
		0FA3C9AD29D68186008671B5 /* Embed Frameworks */ = {
			isa = PBXCopyFilesBuildPhase;
			buildActionMask = 2147483647;
			dstPath = "";
			dstSubfolderSpec = 10;
			files = (
				0FA3C9AC29D68186008671B5 /* ToDDoCore.framework in Embed Frameworks */,
				0FA3C9B029D68189008671B5 /* ToDDoiOSPresentation.framework in Embed Frameworks */,
			);
			name = "Embed Frameworks";
			runOnlyForDeploymentPostprocessing = 0;
		};
/* End PBXCopyFilesBuildPhase section */

/* Begin PBXFileReference section */
		0FA3C97B29D680AC008671B5 /* ToDDoApp.app */ = {isa = PBXFileReference; explicitFileType = wrapper.application; includeInIndex = 0; path = ToDDoApp.app; sourceTree = BUILT_PRODUCTS_DIR; };
		0FA3C97E29D680AC008671B5 /* ToDDoAppApp.swift */ = {isa = PBXFileReference; lastKnownFileType = sourcecode.swift; path = ToDDoAppApp.swift; sourceTree = "<group>"; };
		0FA3C98229D680AD008671B5 /* Assets.xcassets */ = {isa = PBXFileReference; lastKnownFileType = folder.assetcatalog; path = Assets.xcassets; sourceTree = "<group>"; };
		0FA3C98529D680AD008671B5 /* Preview Assets.xcassets */ = {isa = PBXFileReference; lastKnownFileType = folder.assetcatalog; path = "Preview Assets.xcassets"; sourceTree = "<group>"; };
		0FA3C98B29D680AD008671B5 /* ToDDoAppTests.xctest */ = {isa = PBXFileReference; explicitFileType = wrapper.cfbundle; includeInIndex = 0; path = ToDDoAppTests.xctest; sourceTree = BUILT_PRODUCTS_DIR; };
		0FA3C98F29D680AD008671B5 /* ToDDoAppTests.swift */ = {isa = PBXFileReference; lastKnownFileType = sourcecode.swift; path = ToDDoAppTests.swift; sourceTree = "<group>"; };
		0FA3C99929D680AD008671B5 /* ToDDoAppUITests.swift */ = {isa = PBXFileReference; lastKnownFileType = sourcecode.swift; path = ToDDoAppUITests.swift; sourceTree = "<group>"; };
		0FA3C99B29D680AD008671B5 /* ToDDoAppUITestsLaunchTests.swift */ = {isa = PBXFileReference; lastKnownFileType = sourcecode.swift; path = ToDDoAppUITestsLaunchTests.swift; sourceTree = "<group>"; };
		0FA3C9A829D68180008671B5 /* Info.plist */ = {isa = PBXFileReference; lastKnownFileType = text.plist; path = Info.plist; sourceTree = "<group>"; };
		0FA3C9AA29D68186008671B5 /* ToDDoCore.framework */ = {isa = PBXFileReference; explicitFileType = wrapper.framework; path = ToDDoCore.framework; sourceTree = BUILT_PRODUCTS_DIR; };
		0FA3C9AE29D68189008671B5 /* ToDDoiOSPresentation.framework */ = {isa = PBXFileReference; explicitFileType = wrapper.framework; path = ToDDoiOSPresentation.framework; sourceTree = BUILT_PRODUCTS_DIR; };
/* End PBXFileReference section */

/* Begin PBXFrameworksBuildPhase section */
		0FA3C97829D680AC008671B5 /* Frameworks */ = {
			isa = PBXFrameworksBuildPhase;
			buildActionMask = 2147483647;
			files = (
				0FA3C9AB29D68186008671B5 /* ToDDoCore.framework in Frameworks */,
				0FA3C9AF29D68189008671B5 /* ToDDoiOSPresentation.framework in Frameworks */,
			);
			runOnlyForDeploymentPostprocessing = 0;
		};
		0FA3C98829D680AD008671B5 /* Frameworks */ = {
			isa = PBXFrameworksBuildPhase;
			buildActionMask = 2147483647;
			files = (
			);
			runOnlyForDeploymentPostprocessing = 0;
		};
/* End PBXFrameworksBuildPhase section */

/* Begin PBXGroup section */
		0FA3C97229D680AC008671B5 = {
			isa = PBXGroup;
			children = (
				0FA3C97D29D680AC008671B5 /* ToDDoApp */,
				0FA3C98E29D680AD008671B5 /* ToDDoAppTests */,
				0FA3C99829D680AD008671B5 /* ToDDoAppUITests */,
				0FA3C97C29D680AC008671B5 /* Products */,
				0FA3C9A929D68186008671B5 /* Frameworks */,
			);
			sourceTree = "<group>";
		};
		0FA3C97C29D680AC008671B5 /* Products */ = {
			isa = PBXGroup;
			children = (
				0FA3C97B29D680AC008671B5 /* ToDDoApp.app */,
				0FA3C98B29D680AD008671B5 /* ToDDoAppTests.xctest */,
			);
			name = Products;
			sourceTree = "<group>";
		};
		0FA3C97D29D680AC008671B5 /* ToDDoApp */ = {
			isa = PBXGroup;
			children = (
				0FA3C9A829D68180008671B5 /* Info.plist */,
				0FA3C97E29D680AC008671B5 /* ToDDoAppApp.swift */,
				0FA3C98229D680AD008671B5 /* Assets.xcassets */,
				0FA3C98429D680AD008671B5 /* Preview Content */,
			);
			path = ToDDoApp;
			sourceTree = "<group>";
		};
		0FA3C98429D680AD008671B5 /* Preview Content */ = {
			isa = PBXGroup;
			children = (
				0FA3C98529D680AD008671B5 /* Preview Assets.xcassets */,
			);
			path = "Preview Content";
			sourceTree = "<group>";
		};
		0FA3C98E29D680AD008671B5 /* ToDDoAppTests */ = {
			isa = PBXGroup;
			children = (
				0FA3C98F29D680AD008671B5 /* ToDDoAppTests.swift */,
			);
			path = ToDDoAppTests;
			sourceTree = "<group>";
		};
		0FA3C99829D680AD008671B5 /* ToDDoAppUITests */ = {
			isa = PBXGroup;
			children = (
				0FA3C99929D680AD008671B5 /* ToDDoAppUITests.swift */,
				0FA3C99B29D680AD008671B5 /* ToDDoAppUITestsLaunchTests.swift */,
			);
			path = ToDDoAppUITests;
			sourceTree = "<group>";
		};
		0FA3C9A929D68186008671B5 /* Frameworks */ = {
			isa = PBXGroup;
			children = (
				0FA3C9AE29D68189008671B5 /* ToDDoiOSPresentation.framework */,
				0FA3C9AA29D68186008671B5 /* ToDDoCore.framework */,
			);
			name = Frameworks;
			sourceTree = "<group>";
		};
/* End PBXGroup section */

/* Begin PBXNativeTarget section */
		0FA3C97A29D680AC008671B5 /* ToDDoApp */ = {
			isa = PBXNativeTarget;
			buildConfigurationList = 0FA3C99F29D680AD008671B5 /* Build configuration list for PBXNativeTarget "ToDDoApp" */;
			buildPhases = (
				0FA3C97729D680AC008671B5 /* Sources */,
				0FA3C97829D680AC008671B5 /* Frameworks */,
				0FA3C97929D680AC008671B5 /* Resources */,
				0FA3C9AD29D68186008671B5 /* Embed Frameworks */,
			);
			buildRules = (
			);
			dependencies = (
			);
			name = ToDDoApp;
			productName = ToDDoApp;
			productReference = 0FA3C97B29D680AC008671B5 /* ToDDoApp.app */;
			productType = "com.apple.product-type.application";
		};
		0FA3C98A29D680AD008671B5 /* ToDDoAppTests */ = {
			isa = PBXNativeTarget;
			buildConfigurationList = 0FA3C9A229D680AD008671B5 /* Build configuration list for PBXNativeTarget "ToDDoAppTests" */;
			buildPhases = (
				0FA3C98729D680AD008671B5 /* Sources */,
				0FA3C98829D680AD008671B5 /* Frameworks */,
				0FA3C98929D680AD008671B5 /* Resources */,
			);
			buildRules = (
			);
			dependencies = (
				0FA3C98D29D680AD008671B5 /* PBXTargetDependency */,
			);
			name = ToDDoAppTests;
			productName = ToDDoAppTests;
			productReference = 0FA3C98B29D680AD008671B5 /* ToDDoAppTests.xctest */;
			productType = "com.apple.product-type.bundle.unit-test";
		};
/* End PBXNativeTarget section */

/* Begin PBXProject section */
		0FA3C97329D680AC008671B5 /* Project object */ = {
			isa = PBXProject;
			attributes = {
				BuildIndependentTargetsInParallel = 1;
				LastSwiftUpdateCheck = 1410;
				LastUpgradeCheck = 1410;
				TargetAttributes = {
					0FA3C97A29D680AC008671B5 = {
						CreatedOnToolsVersion = 14.1;
					};
					0FA3C98A29D680AD008671B5 = {
						CreatedOnToolsVersion = 14.1;
						TestTargetID = 0FA3C97A29D680AC008671B5;
					};
				};
			};
			buildConfigurationList = 0FA3C97629D680AC008671B5 /* Build configuration list for PBXProject "ToDDoApp" */;
			compatibilityVersion = "Xcode 14.0";
			developmentRegion = en;
			hasScannedForEncodings = 0;
			knownRegions = (
				en,
				Base,
			);
			mainGroup = 0FA3C97229D680AC008671B5;
			productRefGroup = 0FA3C97C29D680AC008671B5 /* Products */;
			projectDirPath = "";
			projectRoot = "";
			targets = (
				0FA3C97A29D680AC008671B5 /* ToDDoApp */,
				0FA3C98A29D680AD008671B5 /* ToDDoAppTests */,
			);
		};
/* End PBXProject section */

/* Begin PBXResourcesBuildPhase section */
		0FA3C97929D680AC008671B5 /* Resources */ = {
			isa = PBXResourcesBuildPhase;
			buildActionMask = 2147483647;
			files = (
				0FA3C98629D680AD008671B5 /* Preview Assets.xcassets in Resources */,
				0FA3C98329D680AD008671B5 /* Assets.xcassets in Resources */,
			);
			runOnlyForDeploymentPostprocessing = 0;
		};
		0FA3C98929D680AD008671B5 /* Resources */ = {
			isa = PBXResourcesBuildPhase;
			buildActionMask = 2147483647;
			files = (
			);
			runOnlyForDeploymentPostprocessing = 0;
		};
/* End PBXResourcesBuildPhase section */

/* Begin PBXSourcesBuildPhase section */
		0FA3C97729D680AC008671B5 /* Sources */ = {
			isa = PBXSourcesBuildPhase;
			buildActionMask = 2147483647;
			files = (
				0FA3C97F29D680AC008671B5 /* ToDDoAppApp.swift in Sources */,
			);
			runOnlyForDeploymentPostprocessing = 0;
		};
		0FA3C98729D680AD008671B5 /* Sources */ = {
			isa = PBXSourcesBuildPhase;
			buildActionMask = 2147483647;
			files = (
				0FA3C99029D680AD008671B5 /* ToDDoAppTests.swift in Sources */,
			);
			runOnlyForDeploymentPostprocessing = 0;
		};
/* End PBXSourcesBuildPhase section */

/* Begin PBXTargetDependency section */
		0FA3C98D29D680AD008671B5 /* PBXTargetDependency */ = {
			isa = PBXTargetDependency;
			target = 0FA3C97A29D680AC008671B5 /* ToDDoApp */;
			targetProxy = 0FA3C98C29D680AD008671B5 /* PBXContainerItemProxy */;
		};
/* End PBXTargetDependency section */

/* Begin XCBuildConfiguration section */
		0FA3C99D29D680AD008671B5 /* Debug */ = {
			isa = XCBuildConfiguration;
			buildSettings = {
				ALWAYS_SEARCH_USER_PATHS = NO;
				CLANG_ANALYZER_NONNULL = YES;
				CLANG_ANALYZER_NUMBER_OBJECT_CONVERSION = YES_AGGRESSIVE;
				CLANG_CXX_LANGUAGE_STANDARD = "gnu++20";
				CLANG_ENABLE_MODULES = YES;
				CLANG_ENABLE_OBJC_ARC = YES;
				CLANG_ENABLE_OBJC_WEAK = YES;
				CLANG_WARN_BLOCK_CAPTURE_AUTORELEASING = YES;
				CLANG_WARN_BOOL_CONVERSION = YES;
				CLANG_WARN_COMMA = YES;
				CLANG_WARN_CONSTANT_CONVERSION = YES;
				CLANG_WARN_DEPRECATED_OBJC_IMPLEMENTATIONS = YES;
				CLANG_WARN_DIRECT_OBJC_ISA_USAGE = YES_ERROR;
				CLANG_WARN_DOCUMENTATION_COMMENTS = YES;
				CLANG_WARN_EMPTY_BODY = YES;
				CLANG_WARN_ENUM_CONVERSION = YES;
				CLANG_WARN_INFINITE_RECURSION = YES;
				CLANG_WARN_INT_CONVERSION = YES;
				CLANG_WARN_NON_LITERAL_NULL_CONVERSION = YES;
				CLANG_WARN_OBJC_IMPLICIT_RETAIN_SELF = YES;
				CLANG_WARN_OBJC_LITERAL_CONVERSION = YES;
				CLANG_WARN_OBJC_ROOT_CLASS = YES_ERROR;
				CLANG_WARN_QUOTED_INCLUDE_IN_FRAMEWORK_HEADER = YES;
				CLANG_WARN_RANGE_LOOP_ANALYSIS = YES;
				CLANG_WARN_STRICT_PROTOTYPES = YES;
				CLANG_WARN_SUSPICIOUS_MOVE = YES;
				CLANG_WARN_UNGUARDED_AVAILABILITY = YES_AGGRESSIVE;
				CLANG_WARN_UNREACHABLE_CODE = YES;
				CLANG_WARN__DUPLICATE_METHOD_MATCH = YES;
				COPY_PHASE_STRIP = NO;
				DEBUG_INFORMATION_FORMAT = dwarf;
				ENABLE_STRICT_OBJC_MSGSEND = YES;
				ENABLE_TESTABILITY = YES;
				GCC_C_LANGUAGE_STANDARD = gnu11;
				GCC_DYNAMIC_NO_PIC = NO;
				GCC_NO_COMMON_BLOCKS = YES;
				GCC_OPTIMIZATION_LEVEL = 0;
				GCC_PREPROCESSOR_DEFINITIONS = (
					"DEBUG=1",
					"$(inherited)",
				);
				GCC_WARN_64_TO_32_BIT_CONVERSION = YES;
				GCC_WARN_ABOUT_RETURN_TYPE = YES_ERROR;
				GCC_WARN_UNDECLARED_SELECTOR = YES;
				GCC_WARN_UNINITIALIZED_AUTOS = YES_AGGRESSIVE;
				GCC_WARN_UNUSED_FUNCTION = YES;
				GCC_WARN_UNUSED_VARIABLE = YES;
				IPHONEOS_DEPLOYMENT_TARGET = 16.1;
				MTL_ENABLE_DEBUG_INFO = INCLUDE_SOURCE;
				MTL_FAST_MATH = YES;
				ONLY_ACTIVE_ARCH = YES;
				SDKROOT = iphoneos;
				SWIFT_ACTIVE_COMPILATION_CONDITIONS = DEBUG;
				SWIFT_OPTIMIZATION_LEVEL = "-Onone";
			};
			name = Debug;
		};
		0FA3C99E29D680AD008671B5 /* Release */ = {
			isa = XCBuildConfiguration;
			buildSettings = {
				ALWAYS_SEARCH_USER_PATHS = NO;
				CLANG_ANALYZER_NONNULL = YES;
				CLANG_ANALYZER_NUMBER_OBJECT_CONVERSION = YES_AGGRESSIVE;
				CLANG_CXX_LANGUAGE_STANDARD = "gnu++20";
				CLANG_ENABLE_MODULES = YES;
				CLANG_ENABLE_OBJC_ARC = YES;
				CLANG_ENABLE_OBJC_WEAK = YES;
				CLANG_WARN_BLOCK_CAPTURE_AUTORELEASING = YES;
				CLANG_WARN_BOOL_CONVERSION = YES;
				CLANG_WARN_COMMA = YES;
				CLANG_WARN_CONSTANT_CONVERSION = YES;
				CLANG_WARN_DEPRECATED_OBJC_IMPLEMENTATIONS = YES;
				CLANG_WARN_DIRECT_OBJC_ISA_USAGE = YES_ERROR;
				CLANG_WARN_DOCUMENTATION_COMMENTS = YES;
				CLANG_WARN_EMPTY_BODY = YES;
				CLANG_WARN_ENUM_CONVERSION = YES;
				CLANG_WARN_INFINITE_RECURSION = YES;
				CLANG_WARN_INT_CONVERSION = YES;
				CLANG_WARN_NON_LITERAL_NULL_CONVERSION = YES;
				CLANG_WARN_OBJC_IMPLICIT_RETAIN_SELF = YES;
				CLANG_WARN_OBJC_LITERAL_CONVERSION = YES;
				CLANG_WARN_OBJC_ROOT_CLASS = YES_ERROR;
				CLANG_WARN_QUOTED_INCLUDE_IN_FRAMEWORK_HEADER = YES;
				CLANG_WARN_RANGE_LOOP_ANALYSIS = YES;
				CLANG_WARN_STRICT_PROTOTYPES = YES;
				CLANG_WARN_SUSPICIOUS_MOVE = YES;
				CLANG_WARN_UNGUARDED_AVAILABILITY = YES_AGGRESSIVE;
				CLANG_WARN_UNREACHABLE_CODE = YES;
				CLANG_WARN__DUPLICATE_METHOD_MATCH = YES;
				COPY_PHASE_STRIP = NO;
				DEBUG_INFORMATION_FORMAT = "dwarf-with-dsym";
				ENABLE_NS_ASSERTIONS = NO;
				ENABLE_STRICT_OBJC_MSGSEND = YES;
				GCC_C_LANGUAGE_STANDARD = gnu11;
				GCC_NO_COMMON_BLOCKS = YES;
				GCC_WARN_64_TO_32_BIT_CONVERSION = YES;
				GCC_WARN_ABOUT_RETURN_TYPE = YES_ERROR;
				GCC_WARN_UNDECLARED_SELECTOR = YES;
				GCC_WARN_UNINITIALIZED_AUTOS = YES_AGGRESSIVE;
				GCC_WARN_UNUSED_FUNCTION = YES;
				GCC_WARN_UNUSED_VARIABLE = YES;
				IPHONEOS_DEPLOYMENT_TARGET = 16.1;
				MTL_ENABLE_DEBUG_INFO = NO;
				MTL_FAST_MATH = YES;
				SDKROOT = iphoneos;
				SWIFT_COMPILATION_MODE = wholemodule;
				SWIFT_OPTIMIZATION_LEVEL = "-O";
				VALIDATE_PRODUCT = YES;
			};
			name = Release;
		};
		0FA3C9A029D680AD008671B5 /* Debug */ = {
			isa = XCBuildConfiguration;
			buildSettings = {
				ASSETCATALOG_COMPILER_APPICON_NAME = AppIcon;
				ASSETCATALOG_COMPILER_GLOBAL_ACCENT_COLOR_NAME = AccentColor;
				CODE_SIGN_STYLE = Automatic;
				CURRENT_PROJECT_VERSION = 1;
				DEVELOPMENT_ASSET_PATHS = "\"ToDDoApp/Preview Content\"";
				DEVELOPMENT_TEAM = R5599LYD4Y;
				ENABLE_PREVIEWS = YES;
				GENERATE_INFOPLIST_FILE = YES;
				INFOPLIST_FILE = ToDDoApp/Info.plist;
				INFOPLIST_KEY_UIApplicationSceneManifest_Generation = YES;
				INFOPLIST_KEY_UIApplicationSupportsIndirectInputEvents = YES;
				INFOPLIST_KEY_UILaunchScreen_Generation = YES;
				INFOPLIST_KEY_UISupportedInterfaceOrientations_iPad = "UIInterfaceOrientationPortrait UIInterfaceOrientationPortraitUpsideDown UIInterfaceOrientationLandscapeLeft UIInterfaceOrientationLandscapeRight";
				INFOPLIST_KEY_UISupportedInterfaceOrientations_iPhone = "UIInterfaceOrientationPortrait UIInterfaceOrientationLandscapeLeft UIInterfaceOrientationLandscapeRight";
				LD_RUNPATH_SEARCH_PATHS = (
					"$(inherited)",
					"@executable_path/Frameworks",
				);
				MARKETING_VERSION = 1.0;
				PRODUCT_BUNDLE_IDENTIFIER = com.minyanghuang.ToDDoApp;
				PRODUCT_NAME = "$(TARGET_NAME)";
				SWIFT_EMIT_LOC_STRINGS = YES;
				SWIFT_VERSION = 5.0;
				TARGETED_DEVICE_FAMILY = "1,2";
			};
			name = Debug;
		};
		0FA3C9A129D680AD008671B5 /* Release */ = {
			isa = XCBuildConfiguration;
			buildSettings = {
				ASSETCATALOG_COMPILER_APPICON_NAME = AppIcon;
				ASSETCATALOG_COMPILER_GLOBAL_ACCENT_COLOR_NAME = AccentColor;
				CODE_SIGN_STYLE = Automatic;
				CURRENT_PROJECT_VERSION = 1;
				DEVELOPMENT_ASSET_PATHS = "\"ToDDoApp/Preview Content\"";
				DEVELOPMENT_TEAM = R5599LYD4Y;
				ENABLE_PREVIEWS = YES;
				GENERATE_INFOPLIST_FILE = YES;
				INFOPLIST_FILE = ToDDoApp/Info.plist;
				INFOPLIST_KEY_UIApplicationSceneManifest_Generation = YES;
				INFOPLIST_KEY_UIApplicationSupportsIndirectInputEvents = YES;
				INFOPLIST_KEY_UILaunchScreen_Generation = YES;
				INFOPLIST_KEY_UISupportedInterfaceOrientations_iPad = "UIInterfaceOrientationPortrait UIInterfaceOrientationPortraitUpsideDown UIInterfaceOrientationLandscapeLeft UIInterfaceOrientationLandscapeRight";
				INFOPLIST_KEY_UISupportedInterfaceOrientations_iPhone = "UIInterfaceOrientationPortrait UIInterfaceOrientationLandscapeLeft UIInterfaceOrientationLandscapeRight";
				LD_RUNPATH_SEARCH_PATHS = (
					"$(inherited)",
					"@executable_path/Frameworks",
				);
				MARKETING_VERSION = 1.0;
				PRODUCT_BUNDLE_IDENTIFIER = com.minyanghuang.ToDDoApp;
				PRODUCT_NAME = "$(TARGET_NAME)";
				SWIFT_EMIT_LOC_STRINGS = YES;
				SWIFT_VERSION = 5.0;
				TARGETED_DEVICE_FAMILY = "1,2";
			};
			name = Release;
		};
		0FA3C9A329D680AD008671B5 /* Debug */ = {
			isa = XCBuildConfiguration;
			buildSettings = {
				ALWAYS_EMBED_SWIFT_STANDARD_LIBRARIES = YES;
				BUNDLE_LOADER = "$(TEST_HOST)";
				CODE_SIGN_STYLE = Automatic;
				CURRENT_PROJECT_VERSION = 1;
				DEVELOPMENT_TEAM = R5599LYD4Y;
				GENERATE_INFOPLIST_FILE = YES;
				IPHONEOS_DEPLOYMENT_TARGET = 16.1;
				MARKETING_VERSION = 1.0;
				PRODUCT_BUNDLE_IDENTIFIER = com.minyanghuang.ToDDoAppTests;
				PRODUCT_NAME = "$(TARGET_NAME)";
				SWIFT_EMIT_LOC_STRINGS = NO;
				SWIFT_VERSION = 5.0;
				TARGETED_DEVICE_FAMILY = "1,2";
				TEST_HOST = "$(BUILT_PRODUCTS_DIR)/ToDDoApp.app/$(BUNDLE_EXECUTABLE_FOLDER_PATH)/ToDDoApp";
			};
			name = Debug;
		};
		0FA3C9A429D680AD008671B5 /* Release */ = {
			isa = XCBuildConfiguration;
			buildSettings = {
				ALWAYS_EMBED_SWIFT_STANDARD_LIBRARIES = YES;
				BUNDLE_LOADER = "$(TEST_HOST)";
				CODE_SIGN_STYLE = Automatic;
				CURRENT_PROJECT_VERSION = 1;
				DEVELOPMENT_TEAM = R5599LYD4Y;
				GENERATE_INFOPLIST_FILE = YES;
				IPHONEOS_DEPLOYMENT_TARGET = 16.1;
				MARKETING_VERSION = 1.0;
				PRODUCT_BUNDLE_IDENTIFIER = com.minyanghuang.ToDDoAppTests;
				PRODUCT_NAME = "$(TARGET_NAME)";
				SWIFT_EMIT_LOC_STRINGS = NO;
				SWIFT_VERSION = 5.0;
				TARGETED_DEVICE_FAMILY = "1,2";
				TEST_HOST = "$(BUILT_PRODUCTS_DIR)/ToDDoApp.app/$(BUNDLE_EXECUTABLE_FOLDER_PATH)/ToDDoApp";
			};
			name = Release;
		};
/* End XCBuildConfiguration section */

/* Begin XCConfigurationList section */
		0FA3C97629D680AC008671B5 /* Build configuration list for PBXProject "ToDDoApp" */ = {
			isa = XCConfigurationList;
			buildConfigurations = (
				0FA3C99D29D680AD008671B5 /* Debug */,
				0FA3C99E29D680AD008671B5 /* Release */,
			);
			defaultConfigurationIsVisible = 0;
			defaultConfigurationName = Release;
		};
		0FA3C99F29D680AD008671B5 /* Build configuration list for PBXNativeTarget "ToDDoApp" */ = {
			isa = XCConfigurationList;
			buildConfigurations = (
				0FA3C9A029D680AD008671B5 /* Debug */,
				0FA3C9A129D680AD008671B5 /* Release */,
			);
			defaultConfigurationIsVisible = 0;
			defaultConfigurationName = Release;
		};
		0FA3C9A229D680AD008671B5 /* Build configuration list for PBXNativeTarget "ToDDoAppTests" */ = {
			isa = XCConfigurationList;
			buildConfigurations = (
				0FA3C9A329D680AD008671B5 /* Debug */,
				0FA3C9A429D680AD008671B5 /* Release */,
			);
			defaultConfigurationIsVisible = 0;
			defaultConfigurationName = Release;
		};
/* End XCConfigurationList section */
	};
	rootObject = 0FA3C97329D680AC008671B5 /* Project object */;
}
